{
  "name": "ankiewicz-portfolio",
  "version": "0.2.0",
  "lockfileVersion": 1,
  "requires": true,
  "dependencies": {
    "body-parser": {
      "version": "1.16.0",
      "resolved": "https://registry.npmjs.org/body-parser/-/body-parser-1.16.0.tgz",
      "integrity": "sha1-kkpeRyxiKfudabhaINXyUy3seIs=",
      "requires": {
        "bytes": "2.4.0",
        "content-type": "1.0.2",
        "debug": "2.6.0",
        "depd": "1.1.0",
        "http-errors": "1.5.1",
        "iconv-lite": "0.4.15",
        "on-finished": "2.3.0",
        "qs": "6.2.1",
        "raw-body": "2.2.0",
        "type-is": "1.6.14"
      },
      "dependencies": {
        "bytes": {
          "version": "2.4.0",
          "resolved": "http://registry.prod.auction.local:8081/repository/npm-internal/bytes/-/bytes-2.4.0.tgz",
          "integrity": "sha1-fZcZb51br39pNeJZhVSe3SpsIzk="
        },
        "content-type": {
          "version": "1.0.2",
          "resolved": "https://registry.npmjs.org/content-type/-/content-type-1.0.2.tgz",
          "integrity": "sha1-t9ETrueo3Se9IRM8TcJSnfFyHu0="
        },
        "debug": {
          "version": "2.6.0",
          "resolved": "https://registry.npmjs.org/debug/-/debug-2.6.0.tgz",
          "integrity": "sha1-vFlryr52F/Edn6FTYe3tVgi4SZs=",
          "requires": {
            "ms": "0.7.2"
          },
          "dependencies": {
            "ms": {
              "version": "0.7.2",
              "resolved": "http://registry.prod.auction.local:8081/repository/npm-internal/ms/-/ms-0.7.2.tgz",
              "integrity": "sha1-riXPJRKziFodldfwN4aNhDESR2U="
            }
          }
        },
        "depd": {
          "version": "1.1.0",
          "resolved": "https://registry.npmjs.org/depd/-/depd-1.1.0.tgz",
          "integrity": "sha1-4b2Cxqq2ztlluXuIsX7T5SjKGMM="
        },
        "http-errors": {
          "version": "1.5.1",
          "resolved": "https://registry.npmjs.org/http-errors/-/http-errors-1.5.1.tgz",
          "integrity": "sha1-eIwNLB3iyBuebowBhDtrl+uSB1A=",
          "requires": {
            "inherits": "2.0.3",
            "setprototypeof": "1.0.2",
            "statuses": "1.3.1"
          },
          "dependencies": {
            "inherits": {
              "version": "2.0.3",
              "resolved": "https://registry.npmjs.org/inherits/-/inherits-2.0.3.tgz",
              "integrity": "sha1-Yzwsg+PaQqUC9SRmAiSA9CCCYd4="
            },
            "setprototypeof": {
              "version": "1.0.2",
              "resolved": "https://registry.npmjs.org/setprototypeof/-/setprototypeof-1.0.2.tgz",
              "integrity": "sha1-gaVSFB7BBLiOic44MQOtXGZWTQg="
            },
            "statuses": {
              "version": "1.3.1",
              "resolved": "https://registry.npmjs.org/statuses/-/statuses-1.3.1.tgz",
              "integrity": "sha1-+vUbnrdKrvOzrPStX2Gr8ky3uT4="
            }
          }
        },
        "iconv-lite": {
          "version": "0.4.15",
          "resolved": "https://registry.npmjs.org/iconv-lite/-/iconv-lite-0.4.15.tgz",
          "integrity": "sha1-/iZaIYrGpXz+hUkn6dBMGYJe3es="
        },
        "on-finished": {
          "version": "2.3.0",
          "resolved": "https://registry.npmjs.org/on-finished/-/on-finished-2.3.0.tgz",
          "integrity": "sha1-IPEzZIGwg811M3mSoWlxqi2QaUc=",
          "requires": {
            "ee-first": "1.1.1"
          },
          "dependencies": {
            "ee-first": {
              "version": "1.1.1",
              "resolved": "http://registry.prod.auction.local:8081/repository/npm-internal/ee-first/-/ee-first-1.1.1.tgz",
              "integrity": "sha1-WQxhFWsK4vTwJVcyoViyZrxWsh0="
            }
          }
        },
        "qs": {
          "version": "6.2.1",
          "resolved": "https://registry.npmjs.org/qs/-/qs-6.2.1.tgz",
          "integrity": "sha1-zgPF/wk1vB2daanxTL0Y5WjWdiU="
        },
        "raw-body": {
          "version": "2.2.0",
          "resolved": "https://registry.npmjs.org/raw-body/-/raw-body-2.2.0.tgz",
          "integrity": "sha1-mUl2z2pQlqQRYoQEkvC9xdbn+5Y=",
          "requires": {
            "bytes": "2.4.0",
            "iconv-lite": "0.4.15",
            "unpipe": "1.0.0"
          },
          "dependencies": {
            "unpipe": {
              "version": "1.0.0",
              "resolved": "http://registry.prod.auction.local:8081/repository/npm-internal/unpipe/-/unpipe-1.0.0.tgz",
              "integrity": "sha1-sr9O6FFKrmFltIF4KdIbLvSZBOw="
            }
          }
        },
        "type-is": {
          "version": "1.6.14",
          "resolved": "https://registry.npmjs.org/type-is/-/type-is-1.6.14.tgz",
          "integrity": "sha1-4hljnBfe0coHiQkt1UoDgmuBfLI=",
          "requires": {
            "media-typer": "0.3.0",
            "mime-types": "2.1.14"
          },
          "dependencies": {
            "media-typer": {
              "version": "0.3.0",
              "resolved": "http://registry.prod.auction.local:8081/repository/npm-internal/media-typer/-/media-typer-0.3.0.tgz",
              "integrity": "sha1-hxDXrwqmJvj/+hzgAWhUUmMlV0g="
            },
            "mime-types": {
              "version": "2.1.14",
              "resolved": "https://registry.npmjs.org/mime-types/-/mime-types-2.1.14.tgz",
              "integrity": "sha1-9+99l1g/yvO30oK2+LVnnaselO4=",
              "requires": {
                "mime-db": "1.26.0"
              },
              "dependencies": {
                "mime-db": {
                  "version": "1.26.0",
                  "resolved": "https://registry.npmjs.org/mime-db/-/mime-db-1.26.0.tgz",
                  "integrity": "sha1-6v/NDk/Gk1z4E02iRuLmw1MFrf8="
                }
              }
            }
          }
        }
      }
    },
    "d3": {
      "version": "4.5.0",
      "resolved": "https://registry.npmjs.org/d3/-/d3-4.5.0.tgz",
      "integrity": "sha1-toQSuErOPBikn+5DvhshKxOiP5c=",
      "requires": {
        "d3-array": "1.0.2",
        "d3-axis": "1.0.4",
        "d3-brush": "1.0.3",
        "d3-chord": "1.0.3",
        "d3-collection": "1.0.2",
        "d3-color": "1.0.2",
        "d3-dispatch": "1.0.2",
        "d3-drag": "1.0.2",
        "d3-dsv": "1.0.3",
        "d3-ease": "1.0.2",
        "d3-force": "1.0.4",
        "d3-format": "1.0.2",
        "d3-geo": "1.4.0",
        "d3-hierarchy": "1.1.1",
        "d3-interpolate": "1.1.3",
        "d3-path": "1.0.3",
        "d3-polygon": "1.0.2",
        "d3-quadtree": "1.0.2",
        "d3-queue": "3.0.3",
        "d3-random": "1.0.2",
        "d3-request": "1.0.3",
        "d3-scale": "1.0.4",
        "d3-selection": "1.0.3",
        "d3-shape": "1.0.4",
        "d3-time": "1.0.4",
        "d3-time-format": "2.0.3",
        "d3-timer": "1.0.4",
        "d3-transition": "1.0.3",
        "d3-voronoi": "1.1.1",
        "d3-zoom": "1.1.1"
      },
      "dependencies": {
        "d3-array": {
          "version": "1.0.2",
          "resolved": "https://registry.npmjs.org/d3-array/-/d3-array-1.0.2.tgz",
          "integrity": "sha1-F0I3vzVqhS+t1q+HdD2ShjHedlU="
        },
        "d3-axis": {
          "version": "1.0.4",
          "resolved": "https://registry.npmjs.org/d3-axis/-/d3-axis-1.0.4.tgz",
          "integrity": "sha1-vf3PXoWYJAYuDxetkg92I25yUSw="
        },
        "d3-brush": {
          "version": "1.0.3",
          "resolved": "https://registry.npmjs.org/d3-brush/-/d3-brush-1.0.3.tgz",
          "integrity": "sha1-T6U3TMO3VdCZC/drcbemZBd1HHQ=",
          "requires": {
            "d3-dispatch": "1.0.2",
            "d3-drag": "1.0.2",
            "d3-interpolate": "1.1.3",
            "d3-selection": "1.0.3",
            "d3-transition": "1.0.3"
          }
        },
        "d3-chord": {
          "version": "1.0.3",
          "resolved": "https://registry.npmjs.org/d3-chord/-/d3-chord-1.0.3.tgz",
          "integrity": "sha1-o5i658tjKjxOpoelVaa57kYJ2ZA=",
          "requires": {
            "d3-array": "1.0.2",
            "d3-path": "1.0.3"
          }
        },
        "d3-collection": {
          "version": "1.0.2",
          "resolved": "https://registry.npmjs.org/d3-collection/-/d3-collection-1.0.2.tgz",
          "integrity": "sha1-31rLVABEPp6r6cE3mJbGflJCazk="
        },
        "d3-color": {
          "version": "1.0.2",
          "resolved": "https://registry.npmjs.org/d3-color/-/d3-color-1.0.2.tgz",
          "integrity": "sha1-g8tLOpR05AeV8AnZfpehVkmDC7w="
        },
        "d3-dispatch": {
          "version": "1.0.2",
          "resolved": "https://registry.npmjs.org/d3-dispatch/-/d3-dispatch-1.0.2.tgz",
          "integrity": "sha1-W1EeeaRqH4lJKEHAqPZWaH1dqgo="
        },
        "d3-drag": {
          "version": "1.0.2",
          "resolved": "https://registry.npmjs.org/d3-drag/-/d3-drag-1.0.2.tgz",
          "integrity": "sha1-1jTMP3aJ+Z3QP9frGvKUXA9DOa0=",
          "requires": {
            "d3-dispatch": "1.0.2",
            "d3-selection": "1.0.3"
          }
        },
        "d3-dsv": {
          "version": "1.0.3",
          "resolved": "https://registry.npmjs.org/d3-dsv/-/d3-dsv-1.0.3.tgz",
          "integrity": "sha1-BJ/kPA9fYMf/fTdmFrx21vydN48=",
          "requires": {
            "commander": "2.9.0",
            "iconv-lite": "0.4.15",
            "rw": "1.3.3"
          },
          "dependencies": {
            "commander": {
              "version": "2.9.0",
              "resolved": "http://registry.prod.auction.local:8081/repository/npm-internal/commander/-/commander-2.9.0.tgz",
              "integrity": "sha1-nJkJQXbhIkDLItbFFGCYQA/g99Q=",
              "requires": {
                "graceful-readlink": "1.0.1"
              },
              "dependencies": {
                "graceful-readlink": {
                  "version": "1.0.1",
                  "resolved": "https://registry.npmjs.org/graceful-readlink/-/graceful-readlink-1.0.1.tgz",
                  "integrity": "sha1-TK+tdrxi8C+gObL5Tpo906ORpyU="
                }
              }
            },
            "iconv-lite": {
              "version": "0.4.15",
              "resolved": "https://registry.npmjs.org/iconv-lite/-/iconv-lite-0.4.15.tgz",
              "integrity": "sha1-/iZaIYrGpXz+hUkn6dBMGYJe3es="
            },
            "rw": {
              "version": "1.3.3",
              "resolved": "https://registry.npmjs.org/rw/-/rw-1.3.3.tgz",
              "integrity": "sha1-P4Yt+pGrdmsUiF700BEkv9oHT7Q="
            }
          }
        },
        "d3-ease": {
          "version": "1.0.2",
          "resolved": "https://registry.npmjs.org/d3-ease/-/d3-ease-1.0.2.tgz",
          "integrity": "sha1-tIb488owjKe+OBl9ZWIrbjCYM3c="
        },
        "d3-force": {
          "version": "1.0.4",
          "resolved": "https://registry.npmjs.org/d3-force/-/d3-force-1.0.4.tgz",
          "integrity": "sha1-+E3LsyAL5B3nvDD6cZIxQxVnWL8=",
          "requires": {
            "d3-collection": "1.0.2",
            "d3-dispatch": "1.0.2",
            "d3-quadtree": "1.0.2",
            "d3-timer": "1.0.4"
          }
        },
        "d3-format": {
          "version": "1.0.2",
          "resolved": "https://registry.npmjs.org/d3-format/-/d3-format-1.0.2.tgz",
          "integrity": "sha1-E4YYMgtLvrQ7XA/zBRkHn7vXN14="
        },
        "d3-geo": {
          "version": "1.4.0",
          "resolved": "https://registry.npmjs.org/d3-geo/-/d3-geo-1.4.0.tgz",
          "integrity": "sha1-FeWMQUtbr6GpYO7rKQWclKYNhAg=",
          "requires": {
            "d3-array": "1.0.2"
          }
        },
        "d3-hierarchy": {
          "version": "1.1.1",
          "resolved": "https://registry.npmjs.org/d3-hierarchy/-/d3-hierarchy-1.1.1.tgz",
          "integrity": "sha1-be78zfGfNw38d7ZTgoTpU+DnabM="
        },
        "d3-interpolate": {
          "version": "1.1.3",
          "resolved": "https://registry.npmjs.org/d3-interpolate/-/d3-interpolate-1.1.3.tgz",
          "integrity": "sha1-4RnJG2vklB5YFnXKPhJ5u5K9LJs=",
          "requires": {
            "d3-color": "1.0.2"
          }
        },
        "d3-path": {
          "version": "1.0.3",
          "resolved": "https://registry.npmjs.org/d3-path/-/d3-path-1.0.3.tgz",
          "integrity": "sha1-YBA9DeqabNbKWN6GxtVnJAAtP94="
        },
        "d3-polygon": {
          "version": "1.0.2",
          "resolved": "https://registry.npmjs.org/d3-polygon/-/d3-polygon-1.0.2.tgz",
          "integrity": "sha1-ZVLA+wOqLQUCM1Habg6K3E3wICs="
        },
        "d3-quadtree": {
          "version": "1.0.2",
          "resolved": "https://registry.npmjs.org/d3-quadtree/-/d3-quadtree-1.0.2.tgz",
          "integrity": "sha1-5+hzrwaqpCfqpK8JTMTL+zULnjg="
        },
        "d3-queue": {
          "version": "3.0.3",
          "resolved": "https://registry.npmjs.org/d3-queue/-/d3-queue-3.0.3.tgz",
          "integrity": "sha1-EO5N0FdKGv+qv7kx0LpPEXkm7cY="
        },
        "d3-random": {
          "version": "1.0.2",
          "resolved": "https://registry.npmjs.org/d3-random/-/d3-random-1.0.2.tgz",
          "integrity": "sha1-g/9qORIGIJwwVlKZ5DxlSYZtsmk="
        },
        "d3-request": {
          "version": "1.0.3",
          "resolved": "https://registry.npmjs.org/d3-request/-/d3-request-1.0.3.tgz",
          "integrity": "sha1-Y/x9/XhGB9sN9dU118uJj866dVo=",
          "requires": {
            "d3-collection": "1.0.2",
            "d3-dispatch": "1.0.2",
            "d3-dsv": "1.0.3",
            "xmlhttprequest": "1.8.0"
          },
          "dependencies": {
            "xmlhttprequest": {
              "version": "1.8.0",
              "resolved": "https://registry.npmjs.org/xmlhttprequest/-/xmlhttprequest-1.8.0.tgz",
              "integrity": "sha1-Z/4HXFwk/vOfnWX197f+dRcZaPw="
            }
          }
        },
        "d3-scale": {
          "version": "1.0.4",
          "resolved": "https://registry.npmjs.org/d3-scale/-/d3-scale-1.0.4.tgz",
          "integrity": "sha1-UOKL9qGTtwZ0VShRXtmz1EIFoDM=",
          "requires": {
            "d3-array": "1.0.2",
            "d3-collection": "1.0.2",
            "d3-color": "1.0.2",
            "d3-format": "1.0.2",
            "d3-interpolate": "1.1.3",
            "d3-time": "1.0.4",
            "d3-time-format": "2.0.3"
          }
        },
        "d3-selection": {
          "version": "1.0.3",
          "resolved": "https://registry.npmjs.org/d3-selection/-/d3-selection-1.0.3.tgz",
          "integrity": "sha1-5j5RQWFyQnhUwbzfoGbrX+hywQg="
        },
        "d3-shape": {
          "version": "1.0.4",
          "resolved": "https://registry.npmjs.org/d3-shape/-/d3-shape-1.0.4.tgz",
          "integrity": "sha1-FF7hAMy+xC+OPxmWzQXHhvef4cY=",
          "requires": {
            "d3-path": "1.0.3"
          }
        },
        "d3-time": {
          "version": "1.0.4",
          "resolved": "https://registry.npmjs.org/d3-time/-/d3-time-1.0.4.tgz",
          "integrity": "sha1-LOugmna3RQyZKh3tThD8YZXmlkk="
        },
        "d3-time-format": {
          "version": "2.0.3",
          "resolved": "https://registry.npmjs.org/d3-time-format/-/d3-time-format-2.0.3.tgz",
          "integrity": "sha1-MkFWm3TdycQuBonA6KkDV5/WKAo=",
          "requires": {
            "d3-time": "1.0.4"
          }
        },
        "d3-timer": {
          "version": "1.0.4",
          "resolved": "https://registry.npmjs.org/d3-timer/-/d3-timer-1.0.4.tgz",
          "integrity": "sha1-ra9/YMe1TJmy/6vSjBWgwQinUyE="
        },
        "d3-transition": {
          "version": "1.0.3",
          "resolved": "https://registry.npmjs.org/d3-transition/-/d3-transition-1.0.3.tgz",
          "integrity": "sha1-kdyYa92zCXNjkyCoXbcs5KsaJ7s=",
          "requires": {
            "d3-color": "1.0.2",
            "d3-dispatch": "1.0.2",
            "d3-ease": "1.0.2",
            "d3-interpolate": "1.1.3",
            "d3-selection": "1.0.3",
            "d3-timer": "1.0.4"
          }
        },
        "d3-voronoi": {
          "version": "1.1.1",
          "resolved": "https://registry.npmjs.org/d3-voronoi/-/d3-voronoi-1.1.1.tgz",
          "integrity": "sha1-mYVE3KmO8OiabEDAusNRDRvBuLk="
        },
        "d3-zoom": {
          "version": "1.1.1",
          "resolved": "https://registry.npmjs.org/d3-zoom/-/d3-zoom-1.1.1.tgz",
          "integrity": "sha1-0jYtj3BDwfxdlqQ43mn04C7x5ns=",
          "requires": {
            "d3-dispatch": "1.0.2",
            "d3-drag": "1.0.2",
            "d3-interpolate": "1.1.3",
            "d3-selection": "1.0.3",
            "d3-transition": "1.0.3"
          }
        }
      }
    },
    "ejs": {
      "version": "2.5.5",
      "resolved": "https://registry.npmjs.org/ejs/-/ejs-2.5.5.tgz",
      "integrity": "sha1-bvTpVOp9z1T2aq0v56pCGTLZ7Xc="
    },
    "ejs-mate": {
      "version": "2.3.0",
      "resolved": "https://registry.npmjs.org/ejs-mate/-/ejs-mate-2.3.0.tgz",
      "integrity": "sha1-G4uP6nNQ2Ugunku+YlxKl/2Nm88=",
      "requires": {
        "ejs": "1.0.0"
      },
      "dependencies": {
        "ejs": {
          "version": "1.0.0",
          "resolved": "https://registry.npmjs.org/ejs/-/ejs-1.0.0.tgz",
          "integrity": "sha1-ycYKSKRu5FL7MqccMXuV5aofyz0="
        }
      }
    },
    "express": {
      "version": "4.14.1",
      "resolved": "https://registry.npmjs.org/express/-/express-4.14.1.tgz",
      "integrity": "sha1-ZGwjf3ZvFIwhIK/wc4F7nk1+DTM=",
      "requires": {
        "accepts": "1.3.3",
        "array-flatten": "1.1.1",
        "content-disposition": "0.5.2",
        "content-type": "1.0.2",
        "cookie": "0.3.1",
        "cookie-signature": "1.0.6",
        "debug": "2.2.0",
        "depd": "1.1.0",
        "encodeurl": "1.0.1",
        "escape-html": "1.0.3",
        "etag": "1.7.0",
        "finalhandler": "0.5.1",
        "fresh": "0.3.0",
        "merge-descriptors": "1.0.1",
        "methods": "1.1.2",
        "on-finished": "2.3.0",
        "parseurl": "1.3.1",
        "path-to-regexp": "0.1.7",
        "proxy-addr": "1.1.3",
        "qs": "6.2.0",
        "range-parser": "1.2.0",
        "send": "0.14.2",
        "serve-static": "1.11.2",
        "type-is": "1.6.14",
        "utils-merge": "1.0.0",
        "vary": "1.1.0"
      },
      "dependencies": {
        "accepts": {
          "version": "1.3.3",
          "resolved": "https://registry.npmjs.org/accepts/-/accepts-1.3.3.tgz",
          "integrity": "sha1-w8p0NJOGSMPg2cHjKN1otiLChMo=",
          "requires": {
            "mime-types": "2.1.14",
            "negotiator": "0.6.1"
          },
          "dependencies": {
            "mime-types": {
              "version": "2.1.14",
              "resolved": "https://registry.npmjs.org/mime-types/-/mime-types-2.1.14.tgz",
              "integrity": "sha1-9+99l1g/yvO30oK2+LVnnaselO4=",
              "requires": {
                "mime-db": "1.26.0"
              },
              "dependencies": {
                "mime-db": {
                  "version": "1.26.0",
                  "resolved": "https://registry.npmjs.org/mime-db/-/mime-db-1.26.0.tgz",
                  "integrity": "sha1-6v/NDk/Gk1z4E02iRuLmw1MFrf8="
                }
              }
            },
            "negotiator": {
              "version": "0.6.1",
              "resolved": "http://registry.prod.auction.local:8081/repository/npm-internal/negotiator/-/negotiator-0.6.1.tgz",
              "integrity": "sha1-KzJxhOiZIQEXeyhWP7XnECrNDKk="
            }
          }
        },
        "array-flatten": {
          "version": "1.1.1",
          "resolved": "https://registry.npmjs.org/array-flatten/-/array-flatten-1.1.1.tgz",
          "integrity": "sha1-ml9pkFGx5wczKPKgCJaLZOopVdI="
        },
        "content-disposition": {
          "version": "0.5.2",
          "resolved": "https://registry.npmjs.org/content-disposition/-/content-disposition-0.5.2.tgz",
          "integrity": "sha1-DPaLud318r55YcOoUXjLhdunjLQ="
        },
        "content-type": {
          "version": "1.0.2",
          "resolved": "https://registry.npmjs.org/content-type/-/content-type-1.0.2.tgz",
          "integrity": "sha1-t9ETrueo3Se9IRM8TcJSnfFyHu0="
        },
        "cookie": {
          "version": "0.3.1",
          "resolved": "https://registry.npmjs.org/cookie/-/cookie-0.3.1.tgz",
          "integrity": "sha1-5+Ch+e9DtMi6klxcWpboBtFoc7s="
        },
        "cookie-signature": {
          "version": "1.0.6",
          "resolved": "https://registry.npmjs.org/cookie-signature/-/cookie-signature-1.0.6.tgz",
          "integrity": "sha1-4wOogrNCzD7oylE6eZmXNNqzriw="
        },
        "debug": {
          "version": "2.2.0",
          "resolved": "https://registry.npmjs.org/debug/-/debug-2.2.0.tgz",
          "integrity": "sha1-+HBX6ZWxofauaklgZkE3vFbwOdo=",
          "requires": {
            "ms": "0.7.1"
          },
          "dependencies": {
            "ms": {
              "version": "0.7.1",
              "resolved": "https://registry.npmjs.org/ms/-/ms-0.7.1.tgz",
              "integrity": "sha1-nNE8A62/8ltl7/3nzoZO6VIBcJg="
            }
          }
        },
        "depd": {
          "version": "1.1.0",
          "resolved": "https://registry.npmjs.org/depd/-/depd-1.1.0.tgz",
          "integrity": "sha1-4b2Cxqq2ztlluXuIsX7T5SjKGMM="
        },
        "encodeurl": {
          "version": "1.0.1",
          "resolved": "https://registry.npmjs.org/encodeurl/-/encodeurl-1.0.1.tgz",
          "integrity": "sha1-eePVhlU0aQn+bw9Fpd5oEDspTSA="
        },
        "escape-html": {
          "version": "1.0.3",
          "resolved": "https://registry.npmjs.org/escape-html/-/escape-html-1.0.3.tgz",
          "integrity": "sha1-Aljq5NPQwJdN4cFpGI7wBR0dGYg="
        },
        "etag": {
          "version": "1.7.0",
          "resolved": "https://registry.npmjs.org/etag/-/etag-1.7.0.tgz",
          "integrity": "sha1-A9MLX2fdbmMtKUXTDWZScxo01dg="
        },
        "finalhandler": {
          "version": "0.5.1",
          "resolved": "https://registry.npmjs.org/finalhandler/-/finalhandler-0.5.1.tgz",
          "integrity": "sha1-LEANjUUwk1vCMlScX6OF7Afeb80=",
          "requires": {
            "debug": "2.2.0",
            "escape-html": "1.0.3",
            "on-finished": "2.3.0",
            "statuses": "1.3.1",
            "unpipe": "1.0.0"
          },
          "dependencies": {
            "statuses": {
              "version": "1.3.1",
              "resolved": "https://registry.npmjs.org/statuses/-/statuses-1.3.1.tgz",
              "integrity": "sha1-+vUbnrdKrvOzrPStX2Gr8ky3uT4="
            },
            "unpipe": {
              "version": "1.0.0",
              "resolved": "http://registry.prod.auction.local:8081/repository/npm-internal/unpipe/-/unpipe-1.0.0.tgz",
              "integrity": "sha1-sr9O6FFKrmFltIF4KdIbLvSZBOw="
            }
          }
        },
        "fresh": {
          "version": "0.3.0",
          "resolved": "https://registry.npmjs.org/fresh/-/fresh-0.3.0.tgz",
          "integrity": "sha1-ZR+DjiJCTnVm3hYdg1jKoZn4PU8="
        },
        "merge-descriptors": {
          "version": "1.0.1",
          "resolved": "https://registry.npmjs.org/merge-descriptors/-/merge-descriptors-1.0.1.tgz",
          "integrity": "sha1-sAqqVW3YtEVoFQ7J0blT8/kMu2E="
        },
        "methods": {
          "version": "1.1.2",
          "resolved": "https://registry.npmjs.org/methods/-/methods-1.1.2.tgz",
          "integrity": "sha1-VSmk1nZUE07cxSZmVoNbD4Ua/O4="
        },
        "on-finished": {
          "version": "2.3.0",
          "resolved": "https://registry.npmjs.org/on-finished/-/on-finished-2.3.0.tgz",
          "integrity": "sha1-IPEzZIGwg811M3mSoWlxqi2QaUc=",
          "requires": {
            "ee-first": "1.1.1"
          },
          "dependencies": {
            "ee-first": {
              "version": "1.1.1",
              "resolved": "http://registry.prod.auction.local:8081/repository/npm-internal/ee-first/-/ee-first-1.1.1.tgz",
              "integrity": "sha1-WQxhFWsK4vTwJVcyoViyZrxWsh0="
            }
          }
        },
        "parseurl": {
          "version": "1.3.1",
          "resolved": "https://registry.npmjs.org/parseurl/-/parseurl-1.3.1.tgz",
          "integrity": "sha1-yKuMkiO6NIiKpkopeyiFO+wY2lY="
        },
        "path-to-regexp": {
          "version": "0.1.7",
          "resolved": "https://registry.npmjs.org/path-to-regexp/-/path-to-regexp-0.1.7.tgz",
          "integrity": "sha1-32BBeABfUi8V60SQ5yR6G/qmf4w="
        },
        "proxy-addr": {
          "version": "1.1.3",
          "resolved": "https://registry.npmjs.org/proxy-addr/-/proxy-addr-1.1.3.tgz",
          "integrity": "sha1-3JdQL1ci6IhGez+iKXp7H/R98HQ=",
          "requires": {
            "forwarded": "0.1.0",
            "ipaddr.js": "1.2.0"
          },
          "dependencies": {
            "forwarded": {
              "version": "0.1.0",
              "resolved": "https://registry.npmjs.org/forwarded/-/forwarded-0.1.0.tgz",
              "integrity": "sha1-Ge+YdMSuHCl7zweP3mOgm2aoQ2M="
            },
            "ipaddr.js": {
              "version": "1.2.0",
              "resolved": "https://registry.npmjs.org/ipaddr.js/-/ipaddr.js-1.2.0.tgz",
              "integrity": "sha1-irpJyRknmVhb3WQ+DMtQ6K53e6Q="
            }
          }
        },
        "qs": {
          "version": "6.2.0",
          "resolved": "https://registry.npmjs.org/qs/-/qs-6.2.0.tgz",
          "integrity": "sha1-O3hIwDwt7OaalSKw+ujEEm10Xzs="
        },
        "range-parser": {
          "version": "1.2.0",
          "resolved": "https://registry.npmjs.org/range-parser/-/range-parser-1.2.0.tgz",
          "integrity": "sha1-9JvmtIeJTdxA3MlKMi9hEJLgDV4="
        },
        "send": {
          "version": "0.14.2",
          "resolved": "https://registry.npmjs.org/send/-/send-0.14.2.tgz",
          "integrity": "sha1-ObBDiz9RC+Xcb2Z6EfcWiTaM3u8=",
          "requires": {
            "debug": "2.2.0",
            "depd": "1.1.0",
            "destroy": "1.0.4",
            "encodeurl": "1.0.1",
            "escape-html": "1.0.3",
            "etag": "1.7.0",
            "fresh": "0.3.0",
            "http-errors": "1.5.1",
            "mime": "1.3.4",
            "ms": "0.7.2",
            "on-finished": "2.3.0",
            "range-parser": "1.2.0",
            "statuses": "1.3.1"
          },
          "dependencies": {
            "destroy": {
              "version": "1.0.4",
              "resolved": "https://registry.npmjs.org/destroy/-/destroy-1.0.4.tgz",
              "integrity": "sha1-l4hXRCxEdJ5CBmE+N5RiBYJqvYA="
            },
            "http-errors": {
              "version": "1.5.1",
              "resolved": "https://registry.npmjs.org/http-errors/-/http-errors-1.5.1.tgz",
              "integrity": "sha1-eIwNLB3iyBuebowBhDtrl+uSB1A=",
              "requires": {
                "inherits": "2.0.3",
                "setprototypeof": "1.0.2",
                "statuses": "1.3.1"
              },
              "dependencies": {
                "inherits": {
                  "version": "2.0.3",
                  "resolved": "http://registry.prod.auction.local:8081/repository/npm-internal/inherits/-/inherits-2.0.3.tgz",
                  "integrity": "sha1-Yzwsg+PaQqUC9SRmAiSA9CCCYd4="
                },
                "setprototypeof": {
                  "version": "1.0.2",
                  "resolved": "http://registry.prod.auction.local:8081/repository/npm-internal/setprototypeof/-/setprototypeof-1.0.2.tgz",
                  "integrity": "sha1-gaVSFB7BBLiOic44MQOtXGZWTQg="
                }
              }
            },
            "mime": {
              "version": "1.3.4",
              "resolved": "https://registry.npmjs.org/mime/-/mime-1.3.4.tgz",
              "integrity": "sha1-EV+eO2s9rylZmDyzjxSaLUDrXVM="
            },
            "ms": {
              "version": "0.7.2",
              "resolved": "http://registry.prod.auction.local:8081/repository/npm-internal/ms/-/ms-0.7.2.tgz",
              "integrity": "sha1-riXPJRKziFodldfwN4aNhDESR2U="
            },
            "statuses": {
              "version": "1.3.1",
              "resolved": "https://registry.npmjs.org/statuses/-/statuses-1.3.1.tgz",
              "integrity": "sha1-+vUbnrdKrvOzrPStX2Gr8ky3uT4="
            }
          }
        },
        "serve-static": {
          "version": "1.11.2",
          "resolved": "https://registry.npmjs.org/serve-static/-/serve-static-1.11.2.tgz",
          "integrity": "sha1-LPmIm9RDWjIMw2iVyapXvWYuasc=",
          "requires": {
            "encodeurl": "1.0.1",
            "escape-html": "1.0.3",
            "parseurl": "1.3.1",
            "send": "0.14.2"
          }
        },
        "type-is": {
          "version": "1.6.14",
          "resolved": "https://registry.npmjs.org/type-is/-/type-is-1.6.14.tgz",
          "integrity": "sha1-4hljnBfe0coHiQkt1UoDgmuBfLI=",
          "requires": {
            "media-typer": "0.3.0",
            "mime-types": "2.1.14"
          },
          "dependencies": {
            "media-typer": {
              "version": "0.3.0",
              "resolved": "http://registry.prod.auction.local:8081/repository/npm-internal/media-typer/-/media-typer-0.3.0.tgz",
              "integrity": "sha1-hxDXrwqmJvj/+hzgAWhUUmMlV0g="
            },
            "mime-types": {
              "version": "2.1.14",
              "resolved": "https://registry.npmjs.org/mime-types/-/mime-types-2.1.14.tgz",
              "integrity": "sha1-9+99l1g/yvO30oK2+LVnnaselO4=",
              "requires": {
                "mime-db": "1.26.0"
              },
              "dependencies": {
                "mime-db": {
                  "version": "1.26.0",
                  "resolved": "https://registry.npmjs.org/mime-db/-/mime-db-1.26.0.tgz",
                  "integrity": "sha1-6v/NDk/Gk1z4E02iRuLmw1MFrf8="
                }
              }
            }
          }
        },
        "utils-merge": {
          "version": "1.0.0",
          "resolved": "http://registry.prod.auction.local:8081/repository/npm-internal/utils-merge/-/utils-merge-1.0.0.tgz",
          "integrity": "sha1-ApT7kiu5N1FTVBxPcJYjHyh8ivg="
        },
        "vary": {
          "version": "1.1.0",
          "resolved": "https://registry.npmjs.org/vary/-/vary-1.1.0.tgz",
          "integrity": "sha1-4eWv+70WrnaN0mdDlLmtMCJlMUA="
        }
      }
    },
    "morgan": {
      "version": "1.7.0",
      "resolved": "http://registry.prod.auction.local:8081/repository/npm-internal/morgan/-/morgan-1.7.0.tgz",
      "integrity": "sha1-6xDKjlDRq+D409rVwCAdBS2YHGI=",
      "requires": {
        "basic-auth": "1.0.4",
        "debug": "2.2.0",
        "depd": "1.1.0",
        "on-finished": "2.3.0",
        "on-headers": "1.0.1"
      },
      "dependencies": {
        "basic-auth": {
          "version": "1.0.4",
          "resolved": "http://registry.prod.auction.local:8081/repository/npm-internal/basic-auth/-/basic-auth-1.0.4.tgz",
          "integrity": "sha1-Awk1sB3nyblKgksp8/zLdQ06UpA="
        },
        "debug": {
          "version": "2.2.0",
          "resolved": "https://registry.npmjs.org/debug/-/debug-2.2.0.tgz",
          "integrity": "sha1-+HBX6ZWxofauaklgZkE3vFbwOdo=",
          "requires": {
            "ms": "0.7.1"
          },
          "dependencies": {
            "ms": {
              "version": "0.7.1",
              "resolved": "https://registry.npmjs.org/ms/-/ms-0.7.1.tgz",
              "integrity": "sha1-nNE8A62/8ltl7/3nzoZO6VIBcJg="
            }
          }
        },
        "depd": {
          "version": "1.1.0",
          "resolved": "https://registry.npmjs.org/depd/-/depd-1.1.0.tgz",
          "integrity": "sha1-4b2Cxqq2ztlluXuIsX7T5SjKGMM="
        },
        "on-finished": {
          "version": "2.3.0",
          "resolved": "https://registry.npmjs.org/on-finished/-/on-finished-2.3.0.tgz",
          "integrity": "sha1-IPEzZIGwg811M3mSoWlxqi2QaUc=",
          "requires": {
            "ee-first": "1.1.1"
          },
          "dependencies": {
            "ee-first": {
              "version": "1.1.1",
              "resolved": "http://registry.prod.auction.local:8081/repository/npm-internal/ee-first/-/ee-first-1.1.1.tgz",
              "integrity": "sha1-WQxhFWsK4vTwJVcyoViyZrxWsh0="
            }
          }
        },
        "on-headers": {
          "version": "1.0.1",
          "resolved": "https://registry.npmjs.org/on-headers/-/on-headers-1.0.1.tgz",
          "integrity": "sha1-ko9dD0cNSTQmUepnlLCFfBAGk/c="
        }
      }
    },
    "nodemailer": {
      "version": "4.4.1",
      "resolved": "https://registry.npmjs.org/nodemailer/-/nodemailer-4.4.1.tgz",
      "integrity": "sha512-1bnszJJXatcHJhLpxQ1XMkLDjCjPKvGKMtRQ73FOsoNln3UQjddEQmz6fAwM3aj0GtQ3dQX9qtMHPelz63GU7A=="
    },
    "sendgrid": {
      "version": "4.7.1",
      "resolved": "https://registry.npmjs.org/sendgrid/-/sendgrid-4.7.1.tgz",
      "integrity": "sha1-OKbxeY3Nu0Y2F2euT1JxEE3NIy8=",
      "requires": {
        "async.ensureasync": "0.5.2",
        "async.queue": "0.5.2",
        "bottleneck": "1.15.1",
        "debug": "2.6.0",
        "lodash.chunk": "4.2.0",
        "sendgrid-rest": "2.3.0"
      },
      "dependencies": {
        "async.ensureasync": {
          "version": "0.5.2",
          "resolved": "https://registry.npmjs.org/async.ensureasync/-/async.ensureasync-0.5.2.tgz",
          "integrity": "sha1-w8fkpOmzHZaHXVa4UEWYRG4eMF0=",
          "requires": {
            "async.util.ensureasync": "0.5.2"
          },
          "dependencies": {
            "async.util.ensureasync": {
              "version": "0.5.2",
              "resolved": "https://registry.npmjs.org/async.util.ensureasync/-/async.util.ensureasync-0.5.2.tgz",
              "integrity": "sha1-EJB/LL0GegYfma5tIuCM7TDbDWg=",
              "requires": {
                "async.util.restparam": "0.5.2",
                "async.util.setimmediate": "0.5.2"
              },
              "dependencies": {
                "async.util.restparam": {
                  "version": "0.5.2",
                  "resolved": "https://registry.npmjs.org/async.util.restparam/-/async.util.restparam-0.5.2.tgz",
                  "integrity": "sha1-A+/r88Ane5ciDlJaunUPXgT8gM0="
                },
                "async.util.setimmediate": {
                  "version": "0.5.2",
                  "resolved": "https://registry.npmjs.org/async.util.setimmediate/-/async.util.setimmediate-0.5.2.tgz",
                  "integrity": "sha1-KBLrq/KlgCd1jUvHeT0cz68QJV8="
                }
              }
            }
          }
        },
        "async.queue": {
          "version": "0.5.2",
          "resolved": "https://registry.npmjs.org/async.queue/-/async.queue-0.5.2.tgz",
          "integrity": "sha1-jV2QgS4UgQZrwJBOjMFxKxfDvXw=",
          "requires": {
            "async.util.queue": "0.5.2"
          },
          "dependencies": {
            "async.util.queue": {
              "version": "0.5.2",
              "resolved": "https://registry.npmjs.org/async.util.queue/-/async.util.queue-0.5.2.tgz",
              "integrity": "sha1-V/Zavho83yc9MavSirlUJfgiLuU=",
              "requires": {
                "async.util.arrayeach": "0.5.2",
                "async.util.isarray": "0.5.2",
                "async.util.map": "0.5.2",
                "async.util.noop": "0.5.2",
                "async.util.onlyonce": "0.5.2",
                "async.util.setimmediate": "0.5.2"
              },
              "dependencies": {
                "async.util.arrayeach": {
                  "version": "0.5.2",
                  "resolved": "https://registry.npmjs.org/async.util.arrayeach/-/async.util.arrayeach-0.5.2.tgz",
                  "integrity": "sha1-WMTpgCjVXWm/sFrrOvROClVagpw="
                },
                "async.util.isarray": {
                  "version": "0.5.2",
                  "resolved": "https://registry.npmjs.org/async.util.isarray/-/async.util.isarray-0.5.2.tgz",
                  "integrity": "sha1-5i2sjyY29lh13PdSHC0k0N+yu98="
                },
                "async.util.map": {
                  "version": "0.5.2",
                  "resolved": "https://registry.npmjs.org/async.util.map/-/async.util.map-0.5.2.tgz",
                  "integrity": "sha1-5YjvhuCzq18CfZevTWg10FXKadY="
                },
                "async.util.noop": {
                  "version": "0.5.2",
                  "resolved": "https://registry.npmjs.org/async.util.noop/-/async.util.noop-0.5.2.tgz",
                  "integrity": "sha1-vdYrl8sKo/YLWGrRSEaGmJdeWLk="
                },
                "async.util.onlyonce": {
                  "version": "0.5.2",
                  "resolved": "https://registry.npmjs.org/async.util.onlyonce/-/async.util.onlyonce-0.5.2.tgz",
                  "integrity": "sha1-uOb8AErckjFk154y8oE+5GXCT/I="
                },
                "async.util.setimmediate": {
                  "version": "0.5.2",
                  "resolved": "https://registry.npmjs.org/async.util.setimmediate/-/async.util.setimmediate-0.5.2.tgz",
                  "integrity": "sha1-KBLrq/KlgCd1jUvHeT0cz68QJV8="
                }
              }
            }
          }
        },
        "bottleneck": {
          "version": "1.15.1",
          "resolved": "https://registry.npmjs.org/bottleneck/-/bottleneck-1.15.1.tgz",
          "integrity": "sha1-+p/sFj4Bt6bEJrh+YD5lYCX/AUU="
        },
        "debug": {
          "version": "2.6.0",
          "resolved": "http://registry.prod.auction.local:8081/repository/npm-internal/debug/-/debug-2.6.0.tgz",
          "integrity": "sha1-vFlryr52F/Edn6FTYe3tVgi4SZs=",
          "requires": {
            "ms": "0.7.2"
          },
          "dependencies": {
            "ms": {
              "version": "0.7.2",
              "resolved": "http://registry.prod.auction.local:8081/repository/npm-internal/ms/-/ms-0.7.2.tgz",
              "integrity": "sha1-riXPJRKziFodldfwN4aNhDESR2U="
            }
          }
        },
        "lodash.chunk": {
          "version": "4.2.0",
          "resolved": "https://registry.npmjs.org/lodash.chunk/-/lodash.chunk-4.2.0.tgz",
          "integrity": "sha1-ZuXOH3btJ7QwPYxlEujRIW6BBrw="
        },
        "sendgrid-rest": {
          "version": "2.3.0",
          "resolved": "https://registry.npmjs.org/sendgrid-rest/-/sendgrid-rest-2.3.0.tgz",
          "integrity": "sha1-Zi75WpPHPD4KTnph44gKEMeN0ko="
        }
      }
    },
    "sendgrid-mailer": {
      "version": "1.1.2",
      "resolved": "https://registry.npmjs.org/sendgrid-mailer/-/sendgrid-mailer-1.1.2.tgz",
      "integrity": "sha1-i8BoiR0ssSD1jhsLlEFmWEBMjKU="
    },
    "waypoints": {
      "version": "4.0.1",
      "resolved": "https://registry.npmjs.org/waypoints/-/waypoints-4.0.1.tgz",
      "integrity": "sha1-CZeaBXOBCylifLpDZqKEoGLsacg="
    }
  }
}
